
Microsoft Visual Studio Solution File, Format Version 12.00
# Visual Studio Version 17
VisualStudioVersion = 17.5.33424.131
MinimumVisualStudioVersion = 10.0.40219.1
Project("{FAE04EC0-301F-11D3-BF4B-00C04F79EFBC}") = "HasTable and SortedList", "HasTable and SortedList.csproj", "{730C53CC-CFC0-4151-8A0E-BC727DD87033}"
EndProject
Global
	GlobalSection(SolutionConfigurationPlatforms) = preSolution
		Debug|Any CPU = Debug|Any CPU
		Release|Any CPU = Release|Any CPU
	EndGlobalSection
	GlobalSection(ProjectConfigurationPlatforms) = postSolution
		{730C53CC-CFC0-4151-8A0E-BC727DD87033}.Debug|Any CPU.ActiveCfg = Debug|Any CPU
		{730C53CC-CFC0-4151-8A0E-BC727DD87033}.Debug|Any CPU.Build.0 = Debug|Any CPU
		{730C53CC-CFC0-4151-8A0E-BC727DD87033}.Release|Any CPU.ActiveCfg = Release|Any CPU
		{730C53CC-CFC0-4151-8A0E-BC727DD87033}.Release|Any CPU.Build.0 = Release|Any CPU
	EndGlobalSection
	GlobalSection(SolutionProperties) = preSolution
		HideSolutionNode = FALSE
	EndGlobalSection
	GlobalSection(ExtensibilityGlobals) = postSolution
		SolutionGuid = {B29E8EC8-140E-4332-925E-0D2BDCB1FD09}
	EndGlobalSection
EndGlobal
